hash: a641cf029061411110f6ea63b71817f6a6ac3506dffb1d7b44440d23e9fb3d36
updated: 2018-06-25T10:32:23.472094822+07:00
imports:
- name: github.com/joho/godotenv
  version: a79fa1e548e2c689c241d10173efd51e5d689d5b
- name: github.com/streadway/amqp
  version: e5adc2ada8b8efff032bf61173a233d143e9318e
testImports: []
